
Microsoft Visual Studio Solution File, Format Version 12.00
# Visual Studio Version 16
VisualStudioVersion = 16.0.29728.190
MinimumVisualStudioVersion = 10.0.40219.1
Project("{8BC9CEB8-8B4A-11D0-8D11-00A0C91BC942}") = "Day1", "AdventofCode2020\AdventofCode2020.vcxproj", "{075CE498-43D2-418F-85F2-C7AA2B40E58B}"
EndProject
Project("{8BC9CEB8-8B4A-11D0-8D11-00A0C91BC942}") = "Day2", "Day2\Day2.vcxproj", "{C7A3CB23-3C24-48EF-B51E-0A72983E8C56}"
EndProject
Project("{8BC9CEB8-8B4A-11D0-8D11-00A0C91BC942}") = "Day3", "Day3\Day3.vcxproj", "{9C2174AF-8DCD-4A66-9208-D70A997622E7}"
EndProject
Project("{8BC9CEB8-8B4A-11D0-8D11-00A0C91BC942}") = "Day4", "Day4\Day4.vcxproj", "{DBC6CE5A-440C-46D4-9DDB-B2CDF30DD492}"
EndProject
Project("{8BC9CEB8-8B4A-11D0-8D11-00A0C91BC942}") = "Day5", "Day5\Day5.vcxproj", "{D980DB10-B58E-430C-8533-C3952CCC77F4}"
EndProject
Project("{8BC9CEB8-8B4A-11D0-8D11-00A0C91BC942}") = "Day6", "Day6\Day6.vcxproj", "{463E3BB6-A410-448F-A41A-4ECB583DC925}"
EndProject
Project("{8BC9CEB8-8B4A-11D0-8D11-00A0C91BC942}") = "Day7", "Day7\Day7.vcxproj", "{D7CD311D-843E-49BB-8499-E7A55CE9B9A8}"
EndProject
Project("{8BC9CEB8-8B4A-11D0-8D11-00A0C91BC942}") = "Day8", "Day8\Day8.vcxproj", "{9465972F-7D0C-4846-86DD-629D2DBBE467}"
EndProject
Project("{8BC9CEB8-8B4A-11D0-8D11-00A0C91BC942}") = "Day9", "Day9\Day9.vcxproj", "{FEC38EBF-98E5-4F35-B244-6E78C90AB3EF}"
EndProject
Project("{8BC9CEB8-8B4A-11D0-8D11-00A0C91BC942}") = "Day10", "Day10\Day10.vcxproj", "{7B0B5E37-B55A-49E7-82A9-A513EADABA0A}"
EndProject
Project("{8BC9CEB8-8B4A-11D0-8D11-00A0C91BC942}") = "Day11", "Day11\Day11.vcxproj", "{B67E63CD-F7DF-4A4B-B9B2-A302096063A5}"
EndProject
Project("{8BC9CEB8-8B4A-11D0-8D11-00A0C91BC942}") = "Day12", "Day12\Day12.vcxproj", "{0F7D3D6D-B813-4B62-AF7F-5997108DC434}"
EndProject
Project("{8BC9CEB8-8B4A-11D0-8D11-00A0C91BC942}") = "Day13", "Day13\Day13.vcxproj", "{39C4244A-1AB8-4B49-BCE9-120819F04F3B}"
EndProject
Project("{8BC9CEB8-8B4A-11D0-8D11-00A0C91BC942}") = "Day14", "Day14\Day14.vcxproj", "{2B0342E8-2775-4851-803F-176DD69A1B70}"
EndProject
Project("{8BC9CEB8-8B4A-11D0-8D11-00A0C91BC942}") = "Day15", "Day15\Day15.vcxproj", "{90A1DDE6-1C6F-404A-AEE8-31AFC34AD46E}"
EndProject
Project("{8BC9CEB8-8B4A-11D0-8D11-00A0C91BC942}") = "Day16", "Day16\Day16.vcxproj", "{3A0E5BE5-A6D0-4A67-A31C-C1810908298F}"
EndProject
Project("{8BC9CEB8-8B4A-11D0-8D11-00A0C91BC942}") = "Day17", "Day17\Day17.vcxproj", "{AF69CCCF-C9ED-4FCE-9FE4-554946C4C0FD}"
EndProject
Project("{8BC9CEB8-8B4A-11D0-8D11-00A0C91BC942}") = "Day18", "Day18\Day18.vcxproj", "{BE1BA7D9-43F8-402C-B4A8-51B0AAB6D771}"
EndProject
Project("{8BC9CEB8-8B4A-11D0-8D11-00A0C91BC942}") = "Day19", "Day19\Day19.vcxproj", "{E701097E-2D11-4D94-9887-1C72CD8FBCEA}"
EndProject
Project("{8BC9CEB8-8B4A-11D0-8D11-00A0C91BC942}") = "Day20", "Day20\Day20.vcxproj", "{4AF60571-99E8-4D80-A2BD-04AAD3019A68}"
EndProject
Project("{8BC9CEB8-8B4A-11D0-8D11-00A0C91BC942}") = "Day21", "Day21\Day21.vcxproj", "{B61CA24D-252B-4642-AB36-C998B94C8DF3}"
EndProject
Project("{8BC9CEB8-8B4A-11D0-8D11-00A0C91BC942}") = "Day22", "Day22\Day22.vcxproj", "{D2CB3B01-2A1F-4DD0-BE0D-9F7C93B95D70}"
EndProject
Project("{8BC9CEB8-8B4A-11D0-8D11-00A0C91BC942}") = "Day23", "Day23\Day23.vcxproj", "{7C1EEF24-DC86-4247-91A9-18A363047852}"
EndProject
Project("{8BC9CEB8-8B4A-11D0-8D11-00A0C91BC942}") = "Day24", "Day24\Day24.vcxproj", "{2BE29E87-FDBD-46B1-9310-EBCA20396F55}"
EndProject
Project("{8BC9CEB8-8B4A-11D0-8D11-00A0C91BC942}") = "Day25", "Day25\Day25.vcxproj", "{9ADB988D-3A31-4122-BC9D-16F44121F667}"
EndProject
Global
	GlobalSection(SolutionConfigurationPlatforms) = preSolution
		Debug|x64 = Debug|x64
		Debug|x86 = Debug|x86
		Release|x64 = Release|x64
		Release|x86 = Release|x86
	EndGlobalSection
	GlobalSection(ProjectConfigurationPlatforms) = postSolution
		{075CE498-43D2-418F-85F2-C7AA2B40E58B}.Debug|x64.ActiveCfg = Debug|x64
		{075CE498-43D2-418F-85F2-C7AA2B40E58B}.Debug|x64.Build.0 = Debug|x64
		{075CE498-43D2-418F-85F2-C7AA2B40E58B}.Debug|x86.ActiveCfg = Debug|Win32
		{075CE498-43D2-418F-85F2-C7AA2B40E58B}.Debug|x86.Build.0 = Debug|Win32
		{075CE498-43D2-418F-85F2-C7AA2B40E58B}.Release|x64.ActiveCfg = Release|x64
		{075CE498-43D2-418F-85F2-C7AA2B40E58B}.Release|x64.Build.0 = Release|x64
		{075CE498-43D2-418F-85F2-C7AA2B40E58B}.Release|x86.ActiveCfg = Release|Win32
		{075CE498-43D2-418F-85F2-C7AA2B40E58B}.Release|x86.Build.0 = Release|Win32
		{C7A3CB23-3C24-48EF-B51E-0A72983E8C56}.Debug|x64.ActiveCfg = Debug|x64
		{C7A3CB23-3C24-48EF-B51E-0A72983E8C56}.Debug|x64.Build.0 = Debug|x64
		{C7A3CB23-3C24-48EF-B51E-0A72983E8C56}.Debug|x86.ActiveCfg = Debug|Win32
		{C7A3CB23-3C24-48EF-B51E-0A72983E8C56}.Debug|x86.Build.0 = Debug|Win32
		{C7A3CB23-3C24-48EF-B51E-0A72983E8C56}.Release|x64.ActiveCfg = Release|x64
		{C7A3CB23-3C24-48EF-B51E-0A72983E8C56}.Release|x64.Build.0 = Release|x64
		{C7A3CB23-3C24-48EF-B51E-0A72983E8C56}.Release|x86.ActiveCfg = Release|Win32
		{C7A3CB23-3C24-48EF-B51E-0A72983E8C56}.Release|x86.Build.0 = Release|Win32
		{9C2174AF-8DCD-4A66-9208-D70A997622E7}.Debug|x64.ActiveCfg = Debug|x64
		{9C2174AF-8DCD-4A66-9208-D70A997622E7}.Debug|x64.Build.0 = Debug|x64
		{9C2174AF-8DCD-4A66-9208-D70A997622E7}.Debug|x86.ActiveCfg = Debug|Win32
		{9C2174AF-8DCD-4A66-9208-D70A997622E7}.Debug|x86.Build.0 = Debug|Win32
		{9C2174AF-8DCD-4A66-9208-D70A997622E7}.Release|x64.ActiveCfg = Release|x64
		{9C2174AF-8DCD-4A66-9208-D70A997622E7}.Release|x64.Build.0 = Release|x64
		{9C2174AF-8DCD-4A66-9208-D70A997622E7}.Release|x86.ActiveCfg = Release|Win32
		{9C2174AF-8DCD-4A66-9208-D70A997622E7}.Release|x86.Build.0 = Release|Win32
		{DBC6CE5A-440C-46D4-9DDB-B2CDF30DD492}.Debug|x64.ActiveCfg = Debug|x64
		{DBC6CE5A-440C-46D4-9DDB-B2CDF30DD492}.Debug|x64.Build.0 = Debug|x64
		{DBC6CE5A-440C-46D4-9DDB-B2CDF30DD492}.Debug|x86.ActiveCfg = Debug|Win32
		{DBC6CE5A-440C-46D4-9DDB-B2CDF30DD492}.Debug|x86.Build.0 = Debug|Win32
		{DBC6CE5A-440C-46D4-9DDB-B2CDF30DD492}.Release|x64.ActiveCfg = Release|x64
		{DBC6CE5A-440C-46D4-9DDB-B2CDF30DD492}.Release|x64.Build.0 = Release|x64
		{DBC6CE5A-440C-46D4-9DDB-B2CDF30DD492}.Release|x86.ActiveCfg = Release|Win32
		{DBC6CE5A-440C-46D4-9DDB-B2CDF30DD492}.Release|x86.Build.0 = Release|Win32
		{D980DB10-B58E-430C-8533-C3952CCC77F4}.Debug|x64.ActiveCfg = Debug|x64
		{D980DB10-B58E-430C-8533-C3952CCC77F4}.Debug|x64.Build.0 = Debug|x64
		{D980DB10-B58E-430C-8533-C3952CCC77F4}.Debug|x86.ActiveCfg = Debug|Win32
		{D980DB10-B58E-430C-8533-C3952CCC77F4}.Debug|x86.Build.0 = Debug|Win32
		{D980DB10-B58E-430C-8533-C3952CCC77F4}.Release|x64.ActiveCfg = Release|x64
		{D980DB10-B58E-430C-8533-C3952CCC77F4}.Release|x64.Build.0 = Release|x64
		{D980DB10-B58E-430C-8533-C3952CCC77F4}.Release|x86.ActiveCfg = Release|Win32
		{D980DB10-B58E-430C-8533-C3952CCC77F4}.Release|x86.Build.0 = Release|Win32
		{463E3BB6-A410-448F-A41A-4ECB583DC925}.Debug|x64.ActiveCfg = Debug|x64
		{463E3BB6-A410-448F-A41A-4ECB583DC925}.Debug|x64.Build.0 = Debug|x64
		{463E3BB6-A410-448F-A41A-4ECB583DC925}.Debug|x86.ActiveCfg = Debug|Win32
		{463E3BB6-A410-448F-A41A-4ECB583DC925}.Debug|x86.Build.0 = Debug|Win32
		{463E3BB6-A410-448F-A41A-4ECB583DC925}.Release|x64.ActiveCfg = Release|x64
		{463E3BB6-A410-448F-A41A-4ECB583DC925}.Release|x64.Build.0 = Release|x64
		{463E3BB6-A410-448F-A41A-4ECB583DC925}.Release|x86.ActiveCfg = Release|Win32
		{463E3BB6-A410-448F-A41A-4ECB583DC925}.Release|x86.Build.0 = Release|Win32
		{D7CD311D-843E-49BB-8499-E7A55CE9B9A8}.Debug|x64.ActiveCfg = Debug|x64
		{D7CD311D-843E-49BB-8499-E7A55CE9B9A8}.Debug|x64.Build.0 = Debug|x64
		{D7CD311D-843E-49BB-8499-E7A55CE9B9A8}.Debug|x86.ActiveCfg = Debug|Win32
		{D7CD311D-843E-49BB-8499-E7A55CE9B9A8}.Debug|x86.Build.0 = Debug|Win32
		{D7CD311D-843E-49BB-8499-E7A55CE9B9A8}.Release|x64.ActiveCfg = Release|x64
		{D7CD311D-843E-49BB-8499-E7A55CE9B9A8}.Release|x64.Build.0 = Release|x64
		{D7CD311D-843E-49BB-8499-E7A55CE9B9A8}.Release|x86.ActiveCfg = Release|Win32
		{D7CD311D-843E-49BB-8499-E7A55CE9B9A8}.Release|x86.Build.0 = Release|Win32
		{9465972F-7D0C-4846-86DD-629D2DBBE467}.Debug|x64.ActiveCfg = Debug|x64
		{9465972F-7D0C-4846-86DD-629D2DBBE467}.Debug|x64.Build.0 = Debug|x64
		{9465972F-7D0C-4846-86DD-629D2DBBE467}.Debug|x86.ActiveCfg = Debug|Win32
		{9465972F-7D0C-4846-86DD-629D2DBBE467}.Debug|x86.Build.0 = Debug|Win32
		{9465972F-7D0C-4846-86DD-629D2DBBE467}.Release|x64.ActiveCfg = Release|x64
		{9465972F-7D0C-4846-86DD-629D2DBBE467}.Release|x64.Build.0 = Release|x64
		{9465972F-7D0C-4846-86DD-629D2DBBE467}.Release|x86.ActiveCfg = Release|Win32
		{9465972F-7D0C-4846-86DD-629D2DBBE467}.Release|x86.Build.0 = Release|Win32
		{FEC38EBF-98E5-4F35-B244-6E78C90AB3EF}.Debug|x64.ActiveCfg = Debug|x64
		{FEC38EBF-98E5-4F35-B244-6E78C90AB3EF}.Debug|x64.Build.0 = Debug|x64
		{FEC38EBF-98E5-4F35-B244-6E78C90AB3EF}.Debug|x86.ActiveCfg = Debug|Win32
		{FEC38EBF-98E5-4F35-B244-6E78C90AB3EF}.Debug|x86.Build.0 = Debug|Win32
		{FEC38EBF-98E5-4F35-B244-6E78C90AB3EF}.Release|x64.ActiveCfg = Release|x64
		{FEC38EBF-98E5-4F35-B244-6E78C90AB3EF}.Release|x64.Build.0 = Release|x64
		{FEC38EBF-98E5-4F35-B244-6E78C90AB3EF}.Release|x86.ActiveCfg = Release|Win32
		{FEC38EBF-98E5-4F35-B244-6E78C90AB3EF}.Release|x86.Build.0 = Release|Win32
		{7B0B5E37-B55A-49E7-82A9-A513EADABA0A}.Debug|x64.ActiveCfg = Debug|x64
		{7B0B5E37-B55A-49E7-82A9-A513EADABA0A}.Debug|x64.Build.0 = Debug|x64
		{7B0B5E37-B55A-49E7-82A9-A513EADABA0A}.Debug|x86.ActiveCfg = Debug|Win32
		{7B0B5E37-B55A-49E7-82A9-A513EADABA0A}.Debug|x86.Build.0 = Debug|Win32
		{7B0B5E37-B55A-49E7-82A9-A513EADABA0A}.Release|x64.ActiveCfg = Release|x64
		{7B0B5E37-B55A-49E7-82A9-A513EADABA0A}.Release|x64.Build.0 = Release|x64
		{7B0B5E37-B55A-49E7-82A9-A513EADABA0A}.Release|x86.ActiveCfg = Release|Win32
		{7B0B5E37-B55A-49E7-82A9-A513EADABA0A}.Release|x86.Build.0 = Release|Win32
		{B67E63CD-F7DF-4A4B-B9B2-A302096063A5}.Debug|x64.ActiveCfg = Debug|x64
		{B67E63CD-F7DF-4A4B-B9B2-A302096063A5}.Debug|x64.Build.0 = Debug|x64
		{B67E63CD-F7DF-4A4B-B9B2-A302096063A5}.Debug|x86.ActiveCfg = Debug|Win32
		{B67E63CD-F7DF-4A4B-B9B2-A302096063A5}.Debug|x86.Build.0 = Debug|Win32
		{B67E63CD-F7DF-4A4B-B9B2-A302096063A5}.Release|x64.ActiveCfg = Release|x64
		{B67E63CD-F7DF-4A4B-B9B2-A302096063A5}.Release|x64.Build.0 = Release|x64
		{B67E63CD-F7DF-4A4B-B9B2-A302096063A5}.Release|x86.ActiveCfg = Release|Win32
		{B67E63CD-F7DF-4A4B-B9B2-A302096063A5}.Release|x86.Build.0 = Release|Win32
		{0F7D3D6D-B813-4B62-AF7F-5997108DC434}.Debug|x64.ActiveCfg = Debug|x64
		{0F7D3D6D-B813-4B62-AF7F-5997108DC434}.Debug|x64.Build.0 = Debug|x64
		{0F7D3D6D-B813-4B62-AF7F-5997108DC434}.Debug|x86.ActiveCfg = Debug|Win32
		{0F7D3D6D-B813-4B62-AF7F-5997108DC434}.Debug|x86.Build.0 = Debug|Win32
		{0F7D3D6D-B813-4B62-AF7F-5997108DC434}.Release|x64.ActiveCfg = Release|x64
		{0F7D3D6D-B813-4B62-AF7F-5997108DC434}.Release|x64.Build.0 = Release|x64
		{0F7D3D6D-B813-4B62-AF7F-5997108DC434}.Release|x86.ActiveCfg = Release|Win32
		{0F7D3D6D-B813-4B62-AF7F-5997108DC434}.Release|x86.Build.0 = Release|Win32
		{39C4244A-1AB8-4B49-BCE9-120819F04F3B}.Debug|x64.ActiveCfg = Debug|x64
		{39C4244A-1AB8-4B49-BCE9-120819F04F3B}.Debug|x64.Build.0 = Debug|x64
		{39C4244A-1AB8-4B49-BCE9-120819F04F3B}.Debug|x86.ActiveCfg = Debug|Win32
		{39C4244A-1AB8-4B49-BCE9-120819F04F3B}.Debug|x86.Build.0 = Debug|Win32
		{39C4244A-1AB8-4B49-BCE9-120819F04F3B}.Release|x64.ActiveCfg = Release|x64
		{39C4244A-1AB8-4B49-BCE9-120819F04F3B}.Release|x64.Build.0 = Release|x64
		{39C4244A-1AB8-4B49-BCE9-120819F04F3B}.Release|x86.ActiveCfg = Release|Win32
		{39C4244A-1AB8-4B49-BCE9-120819F04F3B}.Release|x86.Build.0 = Release|Win32
		{2B0342E8-2775-4851-803F-176DD69A1B70}.Debug|x64.ActiveCfg = Debug|x64
		{2B0342E8-2775-4851-803F-176DD69A1B70}.Debug|x64.Build.0 = Debug|x64
		{2B0342E8-2775-4851-803F-176DD69A1B70}.Debug|x86.ActiveCfg = Debug|Win32
		{2B0342E8-2775-4851-803F-176DD69A1B70}.Debug|x86.Build.0 = Debug|Win32
		{2B0342E8-2775-4851-803F-176DD69A1B70}.Release|x64.ActiveCfg = Release|x64
		{2B0342E8-2775-4851-803F-176DD69A1B70}.Release|x64.Build.0 = Release|x64
		{2B0342E8-2775-4851-803F-176DD69A1B70}.Release|x86.ActiveCfg = Release|Win32
		{2B0342E8-2775-4851-803F-176DD69A1B70}.Release|x86.Build.0 = Release|Win32
		{90A1DDE6-1C6F-404A-AEE8-31AFC34AD46E}.Debug|x64.ActiveCfg = Debug|x64
		{90A1DDE6-1C6F-404A-AEE8-31AFC34AD46E}.Debug|x64.Build.0 = Debug|x64
		{90A1DDE6-1C6F-404A-AEE8-31AFC34AD46E}.Debug|x86.ActiveCfg = Debug|Win32
		{90A1DDE6-1C6F-404A-AEE8-31AFC34AD46E}.Debug|x86.Build.0 = Debug|Win32
		{90A1DDE6-1C6F-404A-AEE8-31AFC34AD46E}.Release|x64.ActiveCfg = Release|x64
		{90A1DDE6-1C6F-404A-AEE8-31AFC34AD46E}.Release|x64.Build.0 = Release|x64
		{90A1DDE6-1C6F-404A-AEE8-31AFC34AD46E}.Release|x86.ActiveCfg = Release|Win32
		{90A1DDE6-1C6F-404A-AEE8-31AFC34AD46E}.Release|x86.Build.0 = Release|Win32
		{3A0E5BE5-A6D0-4A67-A31C-C1810908298F}.Debug|x64.ActiveCfg = Debug|x64
		{3A0E5BE5-A6D0-4A67-A31C-C1810908298F}.Debug|x64.Build.0 = Debug|x64
		{3A0E5BE5-A6D0-4A67-A31C-C1810908298F}.Debug|x86.ActiveCfg = Debug|Win32
		{3A0E5BE5-A6D0-4A67-A31C-C1810908298F}.Debug|x86.Build.0 = Debug|Win32
		{3A0E5BE5-A6D0-4A67-A31C-C1810908298F}.Release|x64.ActiveCfg = Release|x64
		{3A0E5BE5-A6D0-4A67-A31C-C1810908298F}.Release|x64.Build.0 = Release|x64
		{3A0E5BE5-A6D0-4A67-A31C-C1810908298F}.Release|x86.ActiveCfg = Release|Win32
		{3A0E5BE5-A6D0-4A67-A31C-C1810908298F}.Release|x86.Build.0 = Release|Win32
		{AF69CCCF-C9ED-4FCE-9FE4-554946C4C0FD}.Debug|x64.ActiveCfg = Debug|x64
		{AF69CCCF-C9ED-4FCE-9FE4-554946C4C0FD}.Debug|x64.Build.0 = Debug|x64
		{AF69CCCF-C9ED-4FCE-9FE4-554946C4C0FD}.Debug|x86.ActiveCfg = Debug|Win32
		{AF69CCCF-C9ED-4FCE-9FE4-554946C4C0FD}.Debug|x86.Build.0 = Debug|Win32
		{AF69CCCF-C9ED-4FCE-9FE4-554946C4C0FD}.Release|x64.ActiveCfg = Release|x64
		{AF69CCCF-C9ED-4FCE-9FE4-554946C4C0FD}.Release|x64.Build.0 = Release|x64
		{AF69CCCF-C9ED-4FCE-9FE4-554946C4C0FD}.Release|x86.ActiveCfg = Release|Win32
		{AF69CCCF-C9ED-4FCE-9FE4-554946C4C0FD}.Release|x86.Build.0 = Release|Win32
		{BE1BA7D9-43F8-402C-B4A8-51B0AAB6D771}.Debug|x64.ActiveCfg = Debug|x64
		{BE1BA7D9-43F8-402C-B4A8-51B0AAB6D771}.Debug|x64.Build.0 = Debug|x64
		{BE1BA7D9-43F8-402C-B4A8-51B0AAB6D771}.Debug|x86.ActiveCfg = Debug|Win32
		{BE1BA7D9-43F8-402C-B4A8-51B0AAB6D771}.Debug|x86.Build.0 = Debug|Win32
		{BE1BA7D9-43F8-402C-B4A8-51B0AAB6D771}.Release|x64.ActiveCfg = Release|x64
		{BE1BA7D9-43F8-402C-B4A8-51B0AAB6D771}.Release|x64.Build.0 = Release|x64
		{BE1BA7D9-43F8-402C-B4A8-51B0AAB6D771}.Release|x86.ActiveCfg = Release|Win32
		{BE1BA7D9-43F8-402C-B4A8-51B0AAB6D771}.Release|x86.Build.0 = Release|Win32
		{E701097E-2D11-4D94-9887-1C72CD8FBCEA}.Debug|x64.ActiveCfg = Debug|x64
		{E701097E-2D11-4D94-9887-1C72CD8FBCEA}.Debug|x64.Build.0 = Debug|x64
		{E701097E-2D11-4D94-9887-1C72CD8FBCEA}.Debug|x86.ActiveCfg = Debug|Win32
		{E701097E-2D11-4D94-9887-1C72CD8FBCEA}.Debug|x86.Build.0 = Debug|Win32
		{E701097E-2D11-4D94-9887-1C72CD8FBCEA}.Release|x64.ActiveCfg = Release|x64
		{E701097E-2D11-4D94-9887-1C72CD8FBCEA}.Release|x64.Build.0 = Release|x64
		{E701097E-2D11-4D94-9887-1C72CD8FBCEA}.Release|x86.ActiveCfg = Release|Win32
		{E701097E-2D11-4D94-9887-1C72CD8FBCEA}.Release|x86.Build.0 = Release|Win32
		{4AF60571-99E8-4D80-A2BD-04AAD3019A68}.Debug|x64.ActiveCfg = Debug|x64
		{4AF60571-99E8-4D80-A2BD-04AAD3019A68}.Debug|x64.Build.0 = Debug|x64
		{4AF60571-99E8-4D80-A2BD-04AAD3019A68}.Debug|x86.ActiveCfg = Debug|Win32
		{4AF60571-99E8-4D80-A2BD-04AAD3019A68}.Debug|x86.Build.0 = Debug|Win32
		{4AF60571-99E8-4D80-A2BD-04AAD3019A68}.Release|x64.ActiveCfg = Release|x64
		{4AF60571-99E8-4D80-A2BD-04AAD3019A68}.Release|x64.Build.0 = Release|x64
		{4AF60571-99E8-4D80-A2BD-04AAD3019A68}.Release|x86.ActiveCfg = Release|Win32
		{4AF60571-99E8-4D80-A2BD-04AAD3019A68}.Release|x86.Build.0 = Release|Win32
		{B61CA24D-252B-4642-AB36-C998B94C8DF3}.Debug|x64.ActiveCfg = Debug|x64
		{B61CA24D-252B-4642-AB36-C998B94C8DF3}.Debug|x64.Build.0 = Debug|x64
		{B61CA24D-252B-4642-AB36-C998B94C8DF3}.Debug|x86.ActiveCfg = Debug|Win32
		{B61CA24D-252B-4642-AB36-C998B94C8DF3}.Debug|x86.Build.0 = Debug|Win32
		{B61CA24D-252B-4642-AB36-C998B94C8DF3}.Release|x64.ActiveCfg = Release|x64
		{B61CA24D-252B-4642-AB36-C998B94C8DF3}.Release|x64.Build.0 = Release|x64
		{B61CA24D-252B-4642-AB36-C998B94C8DF3}.Release|x86.ActiveCfg = Release|Win32
		{B61CA24D-252B-4642-AB36-C998B94C8DF3}.Release|x86.Build.0 = Release|Win32
		{D2CB3B01-2A1F-4DD0-BE0D-9F7C93B95D70}.Debug|x64.ActiveCfg = Debug|x64
		{D2CB3B01-2A1F-4DD0-BE0D-9F7C93B95D70}.Debug|x64.Build.0 = Debug|x64
		{D2CB3B01-2A1F-4DD0-BE0D-9F7C93B95D70}.Debug|x86.ActiveCfg = Debug|Win32
		{D2CB3B01-2A1F-4DD0-BE0D-9F7C93B95D70}.Debug|x86.Build.0 = Debug|Win32
		{D2CB3B01-2A1F-4DD0-BE0D-9F7C93B95D70}.Release|x64.ActiveCfg = Release|x64
		{D2CB3B01-2A1F-4DD0-BE0D-9F7C93B95D70}.Release|x64.Build.0 = Release|x64
		{D2CB3B01-2A1F-4DD0-BE0D-9F7C93B95D70}.Release|x86.ActiveCfg = Release|Win32
		{D2CB3B01-2A1F-4DD0-BE0D-9F7C93B95D70}.Release|x86.Build.0 = Release|Win32
		{7C1EEF24-DC86-4247-91A9-18A363047852}.Debug|x64.ActiveCfg = Debug|x64
		{7C1EEF24-DC86-4247-91A9-18A363047852}.Debug|x64.Build.0 = Debug|x64
		{7C1EEF24-DC86-4247-91A9-18A363047852}.Debug|x86.ActiveCfg = Debug|Win32
		{7C1EEF24-DC86-4247-91A9-18A363047852}.Debug|x86.Build.0 = Debug|Win32
		{7C1EEF24-DC86-4247-91A9-18A363047852}.Release|x64.ActiveCfg = Release|x64
		{7C1EEF24-DC86-4247-91A9-18A363047852}.Release|x64.Build.0 = Release|x64
		{7C1EEF24-DC86-4247-91A9-18A363047852}.Release|x86.ActiveCfg = Release|Win32
		{7C1EEF24-DC86-4247-91A9-18A363047852}.Release|x86.Build.0 = Release|Win32
		{2BE29E87-FDBD-46B1-9310-EBCA20396F55}.Debug|x64.ActiveCfg = Debug|x64
		{2BE29E87-FDBD-46B1-9310-EBCA20396F55}.Debug|x64.Build.0 = Debug|x64
		{2BE29E87-FDBD-46B1-9310-EBCA20396F55}.Debug|x86.ActiveCfg = Debug|Win32
		{2BE29E87-FDBD-46B1-9310-EBCA20396F55}.Debug|x86.Build.0 = Debug|Win32
		{2BE29E87-FDBD-46B1-9310-EBCA20396F55}.Release|x64.ActiveCfg = Release|x64
		{2BE29E87-FDBD-46B1-9310-EBCA20396F55}.Release|x64.Build.0 = Release|x64
		{2BE29E87-FDBD-46B1-9310-EBCA20396F55}.Release|x86.ActiveCfg = Release|Win32
		{2BE29E87-FDBD-46B1-9310-EBCA20396F55}.Release|x86.Build.0 = Release|Win32
		{9ADB988D-3A31-4122-BC9D-16F44121F667}.Debug|x64.ActiveCfg = Debug|x64
		{9ADB988D-3A31-4122-BC9D-16F44121F667}.Debug|x64.Build.0 = Debug|x64
		{9ADB988D-3A31-4122-BC9D-16F44121F667}.Debug|x86.ActiveCfg = Debug|Win32
		{9ADB988D-3A31-4122-BC9D-16F44121F667}.Debug|x86.Build.0 = Debug|Win32
		{9ADB988D-3A31-4122-BC9D-16F44121F667}.Release|x64.ActiveCfg = Release|x64
		{9ADB988D-3A31-4122-BC9D-16F44121F667}.Release|x64.Build.0 = Release|x64
		{9ADB988D-3A31-4122-BC9D-16F44121F667}.Release|x86.ActiveCfg = Release|Win32
		{9ADB988D-3A31-4122-BC9D-16F44121F667}.Release|x86.Build.0 = Release|Win32
	EndGlobalSection
	GlobalSection(SolutionProperties) = preSolution
		HideSolutionNode = FALSE
	EndGlobalSection
	GlobalSection(ExtensibilityGlobals) = postSolution
		SolutionGuid = {8E342BC5-C6AA-48A1-93D8-F90DE5425A88}
	EndGlobalSection
EndGlobal
